
Microsoft Visual Studio Solution File, Format Version 12.00
# Blend for Visual Studio Version 17
VisualStudioVersion = 17.0.32112.339
MinimumVisualStudioVersion = 10.0.40219.1
Project("{9A19103F-16F7-4668-BE54-9A1E7A4F7556}") = "portAnalyzer", "ConsoleApp1\portAnalyzer.csproj", "{FAD0F36F-1184-40CA-9C9D-4ACDA562AD0C}"
EndProject
Project("{FAE04EC0-301F-11D3-BF4B-00C04F79EFBC}") = "jsSessLog", "..\..\..\MEDICUSplus\BasisProjekte\jsSessLog\jsSessLog.csproj", "{B8083C81-FAC1-4284-9EB3-105E83835EDC}"
EndProject
Project("{FAE04EC0-301F-11D3-BF4B-00C04F79EFBC}") = "jsPUtils", "..\..\jsUtils\jsPUtils.csproj", "{7DAF446B-3C82-4959-971A-2DB2D9EA093C}"
EndProject
Project("{FAE04EC0-301F-11D3-BF4B-00C04F79EFBC}") = "SignalRClient", "..\..\..\SignalR\SHub\SClient\SignalRClient.csproj", "{4C0BB2C2-0757-466E-9AC6-D2C7BCA57327}"
EndProject
Project("{FAE04EC0-301F-11D3-BF4B-00C04F79EFBC}") = "joshuaWin32Compability", "..\..\..\basisklassen\joshuaRegistry\joshuaWin32Compability.csproj", "{C6AA30CE-865B-4D01-A0AE-3C6C297F80AE}"
EndProject
Global
	GlobalSection(SolutionConfigurationPlatforms) = preSolution
		Debug|Any CPU = Debug|Any CPU
		Debug|x64 = Debug|x64
		Debug|x86 = Debug|x86
		LINUX|Any CPU = LINUX|Any CPU
		LINUX|x64 = LINUX|x64
		LINUX|x86 = LINUX|x86
		LINUXD|Any CPU = LINUXD|Any CPU
		LINUXD|x64 = LINUXD|x64
		LINUXD|x86 = LINUXD|x86
		Release|Any CPU = Release|Any CPU
		Release|x64 = Release|x64
		Release|x86 = Release|x86
		STRONG|Any CPU = STRONG|Any CPU
		STRONG|x64 = STRONG|x64
		STRONG|x86 = STRONG|x86
	EndGlobalSection
	GlobalSection(ProjectConfigurationPlatforms) = postSolution
		{FAD0F36F-1184-40CA-9C9D-4ACDA562AD0C}.Debug|Any CPU.ActiveCfg = Debug|Any CPU
		{FAD0F36F-1184-40CA-9C9D-4ACDA562AD0C}.Debug|Any CPU.Build.0 = Debug|Any CPU
		{FAD0F36F-1184-40CA-9C9D-4ACDA562AD0C}.Debug|x64.ActiveCfg = Debug|Any CPU
		{FAD0F36F-1184-40CA-9C9D-4ACDA562AD0C}.Debug|x64.Build.0 = Debug|Any CPU
		{FAD0F36F-1184-40CA-9C9D-4ACDA562AD0C}.Debug|x86.ActiveCfg = Debug|x86
		{FAD0F36F-1184-40CA-9C9D-4ACDA562AD0C}.Debug|x86.Build.0 = Debug|x86
		{FAD0F36F-1184-40CA-9C9D-4ACDA562AD0C}.LINUX|Any CPU.ActiveCfg = Release|Any CPU
		{FAD0F36F-1184-40CA-9C9D-4ACDA562AD0C}.LINUX|Any CPU.Build.0 = Release|Any CPU
		{FAD0F36F-1184-40CA-9C9D-4ACDA562AD0C}.LINUX|x64.ActiveCfg = Release|Any CPU
		{FAD0F36F-1184-40CA-9C9D-4ACDA562AD0C}.LINUX|x64.Build.0 = Release|Any CPU
		{FAD0F36F-1184-40CA-9C9D-4ACDA562AD0C}.LINUX|x86.ActiveCfg = Release|x86
		{FAD0F36F-1184-40CA-9C9D-4ACDA562AD0C}.LINUX|x86.Build.0 = Release|x86
		{FAD0F36F-1184-40CA-9C9D-4ACDA562AD0C}.LINUXD|Any CPU.ActiveCfg = Release|Any CPU
		{FAD0F36F-1184-40CA-9C9D-4ACDA562AD0C}.LINUXD|Any CPU.Build.0 = Release|Any CPU
		{FAD0F36F-1184-40CA-9C9D-4ACDA562AD0C}.LINUXD|x64.ActiveCfg = Release|Any CPU
		{FAD0F36F-1184-40CA-9C9D-4ACDA562AD0C}.LINUXD|x64.Build.0 = Release|Any CPU
		{FAD0F36F-1184-40CA-9C9D-4ACDA562AD0C}.LINUXD|x86.ActiveCfg = Release|x86
		{FAD0F36F-1184-40CA-9C9D-4ACDA562AD0C}.LINUXD|x86.Build.0 = Release|x86
		{FAD0F36F-1184-40CA-9C9D-4ACDA562AD0C}.Release|Any CPU.ActiveCfg = Release|Any CPU
		{FAD0F36F-1184-40CA-9C9D-4ACDA562AD0C}.Release|Any CPU.Build.0 = Release|Any CPU
		{FAD0F36F-1184-40CA-9C9D-4ACDA562AD0C}.Release|x64.ActiveCfg = Release|Any CPU
		{FAD0F36F-1184-40CA-9C9D-4ACDA562AD0C}.Release|x64.Build.0 = Release|Any CPU
		{FAD0F36F-1184-40CA-9C9D-4ACDA562AD0C}.Release|x86.ActiveCfg = Release|x86
		{FAD0F36F-1184-40CA-9C9D-4ACDA562AD0C}.Release|x86.Build.0 = Release|x86
		{FAD0F36F-1184-40CA-9C9D-4ACDA562AD0C}.STRONG|Any CPU.ActiveCfg = Release|Any CPU
		{FAD0F36F-1184-40CA-9C9D-4ACDA562AD0C}.STRONG|Any CPU.Build.0 = Release|Any CPU
		{FAD0F36F-1184-40CA-9C9D-4ACDA562AD0C}.STRONG|x64.ActiveCfg = Release|Any CPU
		{FAD0F36F-1184-40CA-9C9D-4ACDA562AD0C}.STRONG|x64.Build.0 = Release|Any CPU
		{FAD0F36F-1184-40CA-9C9D-4ACDA562AD0C}.STRONG|x86.ActiveCfg = Release|x86
		{FAD0F36F-1184-40CA-9C9D-4ACDA562AD0C}.STRONG|x86.Build.0 = Release|x86
		{B8083C81-FAC1-4284-9EB3-105E83835EDC}.Debug|Any CPU.ActiveCfg = Debug|Any CPU
		{B8083C81-FAC1-4284-9EB3-105E83835EDC}.Debug|Any CPU.Build.0 = Debug|Any CPU
		{B8083C81-FAC1-4284-9EB3-105E83835EDC}.Debug|x64.ActiveCfg = Debug|x64
		{B8083C81-FAC1-4284-9EB3-105E83835EDC}.Debug|x64.Build.0 = Debug|x64
		{B8083C81-FAC1-4284-9EB3-105E83835EDC}.Debug|x86.ActiveCfg = Debug|x86
		{B8083C81-FAC1-4284-9EB3-105E83835EDC}.Debug|x86.Build.0 = Debug|x86
		{B8083C81-FAC1-4284-9EB3-105E83835EDC}.LINUX|Any CPU.ActiveCfg = Release|Any CPU
		{B8083C81-FAC1-4284-9EB3-105E83835EDC}.LINUX|Any CPU.Build.0 = Release|Any CPU
		{B8083C81-FAC1-4284-9EB3-105E83835EDC}.LINUX|x64.ActiveCfg = Release|x64
		{B8083C81-FAC1-4284-9EB3-105E83835EDC}.LINUX|x64.Build.0 = Release|x64
		{B8083C81-FAC1-4284-9EB3-105E83835EDC}.LINUX|x86.ActiveCfg = Release|x86
		{B8083C81-FAC1-4284-9EB3-105E83835EDC}.LINUX|x86.Build.0 = Release|x86
		{B8083C81-FAC1-4284-9EB3-105E83835EDC}.LINUXD|Any CPU.ActiveCfg = Release|Any CPU
		{B8083C81-FAC1-4284-9EB3-105E83835EDC}.LINUXD|Any CPU.Build.0 = Release|Any CPU
		{B8083C81-FAC1-4284-9EB3-105E83835EDC}.LINUXD|x64.ActiveCfg = Release|x64
		{B8083C81-FAC1-4284-9EB3-105E83835EDC}.LINUXD|x64.Build.0 = Release|x64
		{B8083C81-FAC1-4284-9EB3-105E83835EDC}.LINUXD|x86.ActiveCfg = Release|x86
		{B8083C81-FAC1-4284-9EB3-105E83835EDC}.LINUXD|x86.Build.0 = Release|x86
		{B8083C81-FAC1-4284-9EB3-105E83835EDC}.Release|Any CPU.ActiveCfg = Release|Any CPU
		{B8083C81-FAC1-4284-9EB3-105E83835EDC}.Release|Any CPU.Build.0 = Release|Any CPU
		{B8083C81-FAC1-4284-9EB3-105E83835EDC}.Release|x64.ActiveCfg = Release|x64
		{B8083C81-FAC1-4284-9EB3-105E83835EDC}.Release|x64.Build.0 = Release|x64
		{B8083C81-FAC1-4284-9EB3-105E83835EDC}.Release|x86.ActiveCfg = Release|x86
		{B8083C81-FAC1-4284-9EB3-105E83835EDC}.Release|x86.Build.0 = Release|x86
		{B8083C81-FAC1-4284-9EB3-105E83835EDC}.STRONG|Any CPU.ActiveCfg = Release|Any CPU
		{B8083C81-FAC1-4284-9EB3-105E83835EDC}.STRONG|Any CPU.Build.0 = Release|Any CPU
		{B8083C81-FAC1-4284-9EB3-105E83835EDC}.STRONG|x64.ActiveCfg = Release|x64
		{B8083C81-FAC1-4284-9EB3-105E83835EDC}.STRONG|x64.Build.0 = Release|x64
		{B8083C81-FAC1-4284-9EB3-105E83835EDC}.STRONG|x86.ActiveCfg = Release|x86
		{B8083C81-FAC1-4284-9EB3-105E83835EDC}.STRONG|x86.Build.0 = Release|x86
		{7DAF446B-3C82-4959-971A-2DB2D9EA093C}.Debug|Any CPU.ActiveCfg = Debug|Any CPU
		{7DAF446B-3C82-4959-971A-2DB2D9EA093C}.Debug|Any CPU.Build.0 = Debug|Any CPU
		{7DAF446B-3C82-4959-971A-2DB2D9EA093C}.Debug|x64.ActiveCfg = Debug|x64
		{7DAF446B-3C82-4959-971A-2DB2D9EA093C}.Debug|x64.Build.0 = Debug|x64
		{7DAF446B-3C82-4959-971A-2DB2D9EA093C}.Debug|x86.ActiveCfg = Debug|x86
		{7DAF446B-3C82-4959-971A-2DB2D9EA093C}.Debug|x86.Build.0 = Debug|x86
		{7DAF446B-3C82-4959-971A-2DB2D9EA093C}.LINUX|Any CPU.ActiveCfg = Release|Any CPU
		{7DAF446B-3C82-4959-971A-2DB2D9EA093C}.LINUX|Any CPU.Build.0 = Release|Any CPU
		{7DAF446B-3C82-4959-971A-2DB2D9EA093C}.LINUX|x64.ActiveCfg = Release|x64
		{7DAF446B-3C82-4959-971A-2DB2D9EA093C}.LINUX|x64.Build.0 = Release|x64
		{7DAF446B-3C82-4959-971A-2DB2D9EA093C}.LINUX|x86.ActiveCfg = Release|x86
		{7DAF446B-3C82-4959-971A-2DB2D9EA093C}.LINUX|x86.Build.0 = Release|x86
		{7DAF446B-3C82-4959-971A-2DB2D9EA093C}.LINUXD|Any CPU.ActiveCfg = Release|Any CPU
		{7DAF446B-3C82-4959-971A-2DB2D9EA093C}.LINUXD|Any CPU.Build.0 = Release|Any CPU
		{7DAF446B-3C82-4959-971A-2DB2D9EA093C}.LINUXD|x64.ActiveCfg = Release|x64
		{7DAF446B-3C82-4959-971A-2DB2D9EA093C}.LINUXD|x64.Build.0 = Release|x64
		{7DAF446B-3C82-4959-971A-2DB2D9EA093C}.LINUXD|x86.ActiveCfg = Release|x86
		{7DAF446B-3C82-4959-971A-2DB2D9EA093C}.LINUXD|x86.Build.0 = Release|x86
		{7DAF446B-3C82-4959-971A-2DB2D9EA093C}.Release|Any CPU.ActiveCfg = Release|Any CPU
		{7DAF446B-3C82-4959-971A-2DB2D9EA093C}.Release|Any CPU.Build.0 = Release|Any CPU
		{7DAF446B-3C82-4959-971A-2DB2D9EA093C}.Release|x64.ActiveCfg = Release|x64
		{7DAF446B-3C82-4959-971A-2DB2D9EA093C}.Release|x64.Build.0 = Release|x64
		{7DAF446B-3C82-4959-971A-2DB2D9EA093C}.Release|x86.ActiveCfg = Release|x86
		{7DAF446B-3C82-4959-971A-2DB2D9EA093C}.Release|x86.Build.0 = Release|x86
		{7DAF446B-3C82-4959-971A-2DB2D9EA093C}.STRONG|Any CPU.ActiveCfg = Release|Any CPU
		{7DAF446B-3C82-4959-971A-2DB2D9EA093C}.STRONG|Any CPU.Build.0 = Release|Any CPU
		{7DAF446B-3C82-4959-971A-2DB2D9EA093C}.STRONG|x64.ActiveCfg = Release|x64
		{7DAF446B-3C82-4959-971A-2DB2D9EA093C}.STRONG|x64.Build.0 = Release|x64
		{7DAF446B-3C82-4959-971A-2DB2D9EA093C}.STRONG|x86.ActiveCfg = Release|x86
		{7DAF446B-3C82-4959-971A-2DB2D9EA093C}.STRONG|x86.Build.0 = Release|x86
		{4C0BB2C2-0757-466E-9AC6-D2C7BCA57327}.Debug|Any CPU.ActiveCfg = Debug|Any CPU
		{4C0BB2C2-0757-466E-9AC6-D2C7BCA57327}.Debug|Any CPU.Build.0 = Debug|Any CPU
		{4C0BB2C2-0757-466E-9AC6-D2C7BCA57327}.Debug|x64.ActiveCfg = Debug|x64
		{4C0BB2C2-0757-466E-9AC6-D2C7BCA57327}.Debug|x64.Build.0 = Debug|x64
		{4C0BB2C2-0757-466E-9AC6-D2C7BCA57327}.Debug|x86.ActiveCfg = Debug|x86
		{4C0BB2C2-0757-466E-9AC6-D2C7BCA57327}.Debug|x86.Build.0 = Debug|x86
		{4C0BB2C2-0757-466E-9AC6-D2C7BCA57327}.LINUX|Any CPU.ActiveCfg = Debug|Any CPU
		{4C0BB2C2-0757-466E-9AC6-D2C7BCA57327}.LINUX|Any CPU.Build.0 = Debug|Any CPU
		{4C0BB2C2-0757-466E-9AC6-D2C7BCA57327}.LINUX|x64.ActiveCfg = Debug|x64
		{4C0BB2C2-0757-466E-9AC6-D2C7BCA57327}.LINUX|x64.Build.0 = Debug|x64
		{4C0BB2C2-0757-466E-9AC6-D2C7BCA57327}.LINUX|x86.ActiveCfg = Debug|x86
		{4C0BB2C2-0757-466E-9AC6-D2C7BCA57327}.LINUX|x86.Build.0 = Debug|x86
		{4C0BB2C2-0757-466E-9AC6-D2C7BCA57327}.LINUXD|Any CPU.ActiveCfg = Debug|Any CPU
		{4C0BB2C2-0757-466E-9AC6-D2C7BCA57327}.LINUXD|Any CPU.Build.0 = Debug|Any CPU
		{4C0BB2C2-0757-466E-9AC6-D2C7BCA57327}.LINUXD|x64.ActiveCfg = Debug|x64
		{4C0BB2C2-0757-466E-9AC6-D2C7BCA57327}.LINUXD|x64.Build.0 = Debug|x64
		{4C0BB2C2-0757-466E-9AC6-D2C7BCA57327}.LINUXD|x86.ActiveCfg = Debug|x86
		{4C0BB2C2-0757-466E-9AC6-D2C7BCA57327}.LINUXD|x86.Build.0 = Debug|x86
		{4C0BB2C2-0757-466E-9AC6-D2C7BCA57327}.Release|Any CPU.ActiveCfg = Release|Any CPU
		{4C0BB2C2-0757-466E-9AC6-D2C7BCA57327}.Release|Any CPU.Build.0 = Release|Any CPU
		{4C0BB2C2-0757-466E-9AC6-D2C7BCA57327}.Release|x64.ActiveCfg = Release|x64
		{4C0BB2C2-0757-466E-9AC6-D2C7BCA57327}.Release|x64.Build.0 = Release|x64
		{4C0BB2C2-0757-466E-9AC6-D2C7BCA57327}.Release|x86.ActiveCfg = Release|x86
		{4C0BB2C2-0757-466E-9AC6-D2C7BCA57327}.Release|x86.Build.0 = Release|x86
		{4C0BB2C2-0757-466E-9AC6-D2C7BCA57327}.STRONG|Any CPU.ActiveCfg = Debug|Any CPU
		{4C0BB2C2-0757-466E-9AC6-D2C7BCA57327}.STRONG|Any CPU.Build.0 = Debug|Any CPU
		{4C0BB2C2-0757-466E-9AC6-D2C7BCA57327}.STRONG|x64.ActiveCfg = Debug|x64
		{4C0BB2C2-0757-466E-9AC6-D2C7BCA57327}.STRONG|x64.Build.0 = Debug|x64
		{4C0BB2C2-0757-466E-9AC6-D2C7BCA57327}.STRONG|x86.ActiveCfg = Debug|x86
		{4C0BB2C2-0757-466E-9AC6-D2C7BCA57327}.STRONG|x86.Build.0 = Debug|x86
		{C6AA30CE-865B-4D01-A0AE-3C6C297F80AE}.Debug|Any CPU.ActiveCfg = Debug|Any CPU
		{C6AA30CE-865B-4D01-A0AE-3C6C297F80AE}.Debug|Any CPU.Build.0 = Debug|Any CPU
		{C6AA30CE-865B-4D01-A0AE-3C6C297F80AE}.Debug|x64.ActiveCfg = Debug|x64
		{C6AA30CE-865B-4D01-A0AE-3C6C297F80AE}.Debug|x64.Build.0 = Debug|x64
		{C6AA30CE-865B-4D01-A0AE-3C6C297F80AE}.Debug|x86.ActiveCfg = Debug|x86
		{C6AA30CE-865B-4D01-A0AE-3C6C297F80AE}.Debug|x86.Build.0 = Debug|x86
		{C6AA30CE-865B-4D01-A0AE-3C6C297F80AE}.LINUX|Any CPU.ActiveCfg = LINUX|Any CPU
		{C6AA30CE-865B-4D01-A0AE-3C6C297F80AE}.LINUX|Any CPU.Build.0 = LINUX|Any CPU
		{C6AA30CE-865B-4D01-A0AE-3C6C297F80AE}.LINUX|x64.ActiveCfg = LINUX|x64
		{C6AA30CE-865B-4D01-A0AE-3C6C297F80AE}.LINUX|x64.Build.0 = LINUX|x64
		{C6AA30CE-865B-4D01-A0AE-3C6C297F80AE}.LINUX|x86.ActiveCfg = LINUX|x86
		{C6AA30CE-865B-4D01-A0AE-3C6C297F80AE}.LINUX|x86.Build.0 = LINUX|x86
		{C6AA30CE-865B-4D01-A0AE-3C6C297F80AE}.LINUXD|Any CPU.ActiveCfg = LINUXD|Any CPU
		{C6AA30CE-865B-4D01-A0AE-3C6C297F80AE}.LINUXD|Any CPU.Build.0 = LINUXD|Any CPU
		{C6AA30CE-865B-4D01-A0AE-3C6C297F80AE}.LINUXD|x64.ActiveCfg = LINUXD|x64
		{C6AA30CE-865B-4D01-A0AE-3C6C297F80AE}.LINUXD|x64.Build.0 = LINUXD|x64
		{C6AA30CE-865B-4D01-A0AE-3C6C297F80AE}.LINUXD|x86.ActiveCfg = LINUXD|x86
		{C6AA30CE-865B-4D01-A0AE-3C6C297F80AE}.LINUXD|x86.Build.0 = LINUXD|x86
		{C6AA30CE-865B-4D01-A0AE-3C6C297F80AE}.Release|Any CPU.ActiveCfg = Release|Any CPU
		{C6AA30CE-865B-4D01-A0AE-3C6C297F80AE}.Release|Any CPU.Build.0 = Release|Any CPU
		{C6AA30CE-865B-4D01-A0AE-3C6C297F80AE}.Release|x64.ActiveCfg = Release|x64
		{C6AA30CE-865B-4D01-A0AE-3C6C297F80AE}.Release|x64.Build.0 = Release|x64
		{C6AA30CE-865B-4D01-A0AE-3C6C297F80AE}.Release|x86.ActiveCfg = Release|x86
		{C6AA30CE-865B-4D01-A0AE-3C6C297F80AE}.Release|x86.Build.0 = Release|x86
		{C6AA30CE-865B-4D01-A0AE-3C6C297F80AE}.STRONG|Any CPU.ActiveCfg = STRONG|Any CPU
		{C6AA30CE-865B-4D01-A0AE-3C6C297F80AE}.STRONG|Any CPU.Build.0 = STRONG|Any CPU
		{C6AA30CE-865B-4D01-A0AE-3C6C297F80AE}.STRONG|x64.ActiveCfg = STRONG|x64
		{C6AA30CE-865B-4D01-A0AE-3C6C297F80AE}.STRONG|x64.Build.0 = STRONG|x64
		{C6AA30CE-865B-4D01-A0AE-3C6C297F80AE}.STRONG|x86.ActiveCfg = STRONG|x86
		{C6AA30CE-865B-4D01-A0AE-3C6C297F80AE}.STRONG|x86.Build.0 = STRONG|x86
	EndGlobalSection
	GlobalSection(SolutionProperties) = preSolution
		HideSolutionNode = FALSE
	EndGlobalSection
	GlobalSection(ExtensibilityGlobals) = postSolution
		SolutionGuid = {0CF6A1C9-8649-4E04-82E5-96D475219D24}
	EndGlobalSection
EndGlobal
